
Microsoft Visual Studio Solution File, Format Version 12.00
# Visual Studio Version 17
VisualStudioVersion = 17.9.34622.214
MinimumVisualStudioVersion = 10.0.40219.1
Project("{FAE04EC0-301F-11D3-BF4B-00C04F79EFBC}") = "SoulsModTranslator", "SoulsModTranslator.csproj", "{D379C4A1-B6A7-4285-8B54-264ED790B32E}"
EndProject
Global
	GlobalSection(SolutionConfigurationPlatforms) = preSolution
		Debug|Any CPU = Debug|Any CPU
		Release|Any CPU = Release|Any CPU
	EndGlobalSection
	GlobalSection(ProjectConfigurationPlatforms) = postSolution
		{D379C4A1-B6A7-4285-8B54-264ED790B32E}.Debug|Any CPU.ActiveCfg = Debug|Any CPU
		{D379C4A1-B6A7-4285-8B54-264ED790B32E}.Debug|Any CPU.Build.0 = Debug|Any CPU
		{D379C4A1-B6A7-4285-8B54-264ED790B32E}.Release|Any CPU.ActiveCfg = Release|Any CPU
		{D379C4A1-B6A7-4285-8B54-264ED790B32E}.Release|Any CPU.Build.0 = Release|Any CPU
	EndGlobalSection
	GlobalSection(SolutionProperties) = preSolution
		HideSolutionNode = FALSE
	EndGlobalSection
	GlobalSection(ExtensibilityGlobals) = postSolution
		SolutionGuid = {BD656867-CD8B-4671-8F5F-DD058692E05E}
	EndGlobalSection
EndGlobal
