
Microsoft Visual Studio Solution File, Format Version 12.00
# Visual Studio Version 17
VisualStudioVersion = 17.9.34622.214
MinimumVisualStudioVersion = 10.0.40219.1
Project("{9A19103F-16F7-4668-BE54-9A1E7A4F7556}") = "SMT.Core", "SMT.Core\SMT.Core.csproj", "{8FA1EB8C-6B7C-4297-B0D0-33369DADBBBF}"
EndProject
Project("{9A19103F-16F7-4668-BE54-9A1E7A4F7556}") = "SMT.Console", "SMT.Console\SMT.Console.csproj", "{1A22A8F0-87AE-46B3-8A43-E09EDE1C7B0E}"
EndProject
Project("{9A19103F-16F7-4668-BE54-9A1E7A4F7556}") = "SMT.WPF", "SMT.WPF\SMT.WPF.csproj", "{36BEFF02-74CD-4A7A-A008-B53EC51D9719}"
EndProject
Global
	GlobalSection(SolutionConfigurationPlatforms) = preSolution
		Debug|Any CPU = Debug|Any CPU
		Release|Any CPU = Release|Any CPU
	EndGlobalSection
	GlobalSection(ProjectConfigurationPlatforms) = postSolution
		{8FA1EB8C-6B7C-4297-B0D0-33369DADBBBF}.Debug|Any CPU.ActiveCfg = Debug|Any CPU
		{8FA1EB8C-6B7C-4297-B0D0-33369DADBBBF}.Debug|Any CPU.Build.0 = Debug|Any CPU
		{8FA1EB8C-6B7C-4297-B0D0-33369DADBBBF}.Release|Any CPU.ActiveCfg = Release|Any CPU
		{8FA1EB8C-6B7C-4297-B0D0-33369DADBBBF}.Release|Any CPU.Build.0 = Release|Any CPU
		{1A22A8F0-87AE-46B3-8A43-E09EDE1C7B0E}.Debug|Any CPU.ActiveCfg = Debug|Any CPU
		{1A22A8F0-87AE-46B3-8A43-E09EDE1C7B0E}.Debug|Any CPU.Build.0 = Debug|Any CPU
		{1A22A8F0-87AE-46B3-8A43-E09EDE1C7B0E}.Release|Any CPU.ActiveCfg = Release|Any CPU
		{1A22A8F0-87AE-46B3-8A43-E09EDE1C7B0E}.Release|Any CPU.Build.0 = Release|Any CPU
		{36BEFF02-74CD-4A7A-A008-B53EC51D9719}.Debug|Any CPU.ActiveCfg = Debug|Any CPU
		{36BEFF02-74CD-4A7A-A008-B53EC51D9719}.Debug|Any CPU.Build.0 = Debug|Any CPU
		{36BEFF02-74CD-4A7A-A008-B53EC51D9719}.Release|Any CPU.ActiveCfg = Release|Any CPU
		{36BEFF02-74CD-4A7A-A008-B53EC51D9719}.Release|Any CPU.Build.0 = Release|Any CPU
	EndGlobalSection
	GlobalSection(SolutionProperties) = preSolution
		HideSolutionNode = FALSE
	EndGlobalSection
	GlobalSection(ExtensibilityGlobals) = postSolution
		SolutionGuid = {BD656867-CD8B-4671-8F5F-DD058692E05E}
	EndGlobalSection
EndGlobal
